
Microsoft Visual Studio Solution File, Format Version 10.00
# Visual Studio 2008
Project("{8BC9CEB8-8B4A-11D0-8D11-00A0C91BC942}") = "FreeFormDeformation", "FreeFormDeformation\FreeFormDeformation.vcproj", "{7141EAE3-E701-4C67-BAD7-45506FA052FA}"
EndProject
Global
	GlobalSection(SolutionConfigurationPlatforms) = preSolution
		Debug|Win32 = Debug|Win32
		Release|Win32 = Release|Win32
	EndGlobalSection
	GlobalSection(ProjectConfigurationPlatforms) = postSolution
		{7141EAE3-E701-4C67-BAD7-45506FA052FA}.Debug|Win32.ActiveCfg = Debug|Win32
		{7141EAE3-E701-4C67-BAD7-45506FA052FA}.Debug|Win32.Build.0 = Debug|Win32
		{7141EAE3-E701-4C67-BAD7-45506FA052FA}.Release|Win32.ActiveCfg = Release|Win32
		{7141EAE3-E701-4C67-BAD7-45506FA052FA}.Release|Win32.Build.0 = Release|Win32
	EndGlobalSection
	GlobalSection(SolutionProperties) = preSolution
		HideSolutionNode = FALSE
	EndGlobalSection
EndGlobal
